
Microsoft Visual Studio Solution File, Format Version 12.00
# Visual Studio Version 16
VisualStudioVersion = 16.0.30204.135
MinimumVisualStudioVersion = 10.0.40219.1
Project("{FAE04EC0-301F-11D3-BF4B-00C04F79EFBC}") = "RosettaReader.UWP", "RosettaReader\RosettaReader.UWP\RosettaReader.UWP.csproj", "{BF63E087-3590-466C-82F6-4234BDA6DDC1}"
EndProject
Project("{FAE04EC0-301F-11D3-BF4B-00C04F79EFBC}") = "RosettaReader.Android", "RosettaReader\RosettaReader.Android\RosettaReader.Android.csproj", "{41A2F3FA-3759-4CA7-88CE-8EA9215A4F2A}"
EndProject
Project("{FAE04EC0-301F-11D3-BF4B-00C04F79EFBC}") = "RosettaReader.iOS", "RosettaReader\RosettaReader.iOS\RosettaReader.iOS.csproj", "{9EAA767F-FD26-4C5C-9167-4941E573CA64}"
EndProject
Project("{FAE04EC0-301F-11D3-BF4B-00C04F79EFBC}") = "RosettaReader", "RosettaReader\RosettaReader\RosettaReader.csproj", "{3999E392-E520-487F-A6AA-2FEBDA33CA22}"
EndProject
Global
	GlobalSection(SolutionConfigurationPlatforms) = preSolution
		Debug|Any CPU = Debug|Any CPU
		Debug|ARM = Debug|ARM
		Debug|iPhone = Debug|iPhone
		Debug|iPhoneSimulator = Debug|iPhoneSimulator
		Debug|x64 = Debug|x64
		Debug|x86 = Debug|x86
		Release|Any CPU = Release|Any CPU
		Release|ARM = Release|ARM
		Release|iPhone = Release|iPhone
		Release|iPhoneSimulator = Release|iPhoneSimulator
		Release|x64 = Release|x64
		Release|x86 = Release|x86
	EndGlobalSection
	GlobalSection(ProjectConfigurationPlatforms) = postSolution
		{BF63E087-3590-466C-82F6-4234BDA6DDC1}.Debug|Any CPU.ActiveCfg = Debug|x86
		{BF63E087-3590-466C-82F6-4234BDA6DDC1}.Debug|Any CPU.Build.0 = Debug|x86
		{BF63E087-3590-466C-82F6-4234BDA6DDC1}.Debug|Any CPU.Deploy.0 = Debug|x86
		{BF63E087-3590-466C-82F6-4234BDA6DDC1}.Debug|ARM.ActiveCfg = Debug|ARM
		{BF63E087-3590-466C-82F6-4234BDA6DDC1}.Debug|ARM.Build.0 = Debug|ARM
		{BF63E087-3590-466C-82F6-4234BDA6DDC1}.Debug|ARM.Deploy.0 = Debug|ARM
		{BF63E087-3590-466C-82F6-4234BDA6DDC1}.Debug|iPhone.ActiveCfg = Debug|x86
		{BF63E087-3590-466C-82F6-4234BDA6DDC1}.Debug|iPhone.Build.0 = Debug|x86
		{BF63E087-3590-466C-82F6-4234BDA6DDC1}.Debug|iPhone.Deploy.0 = Debug|x86
		{BF63E087-3590-466C-82F6-4234BDA6DDC1}.Debug|iPhoneSimulator.ActiveCfg = Debug|x86
		{BF63E087-3590-466C-82F6-4234BDA6DDC1}.Debug|iPhoneSimulator.Build.0 = Debug|x86
		{BF63E087-3590-466C-82F6-4234BDA6DDC1}.Debug|iPhoneSimulator.Deploy.0 = Debug|x86
		{BF63E087-3590-466C-82F6-4234BDA6DDC1}.Debug|x64.ActiveCfg = Debug|x64
		{BF63E087-3590-466C-82F6-4234BDA6DDC1}.Debug|x64.Build.0 = Debug|x64
		{BF63E087-3590-466C-82F6-4234BDA6DDC1}.Debug|x64.Deploy.0 = Debug|x64
		{BF63E087-3590-466C-82F6-4234BDA6DDC1}.Debug|x86.ActiveCfg = Debug|x86
		{BF63E087-3590-466C-82F6-4234BDA6DDC1}.Debug|x86.Build.0 = Debug|x86
		{BF63E087-3590-466C-82F6-4234BDA6DDC1}.Debug|x86.Deploy.0 = Debug|x86
		{BF63E087-3590-466C-82F6-4234BDA6DDC1}.Release|Any CPU.ActiveCfg = Release|x86
		{BF63E087-3590-466C-82F6-4234BDA6DDC1}.Release|Any CPU.Build.0 = Release|x86
		{BF63E087-3590-466C-82F6-4234BDA6DDC1}.Release|Any CPU.Deploy.0 = Release|x86
		{BF63E087-3590-466C-82F6-4234BDA6DDC1}.Release|ARM.ActiveCfg = Release|ARM
		{BF63E087-3590-466C-82F6-4234BDA6DDC1}.Release|ARM.Build.0 = Release|ARM
		{BF63E087-3590-466C-82F6-4234BDA6DDC1}.Release|ARM.Deploy.0 = Release|ARM
		{BF63E087-3590-466C-82F6-4234BDA6DDC1}.Release|iPhone.ActiveCfg = Release|x86
		{BF63E087-3590-466C-82F6-4234BDA6DDC1}.Release|iPhone.Build.0 = Release|x86
		{BF63E087-3590-466C-82F6-4234BDA6DDC1}.Release|iPhone.Deploy.0 = Release|x86
		{BF63E087-3590-466C-82F6-4234BDA6DDC1}.Release|iPhoneSimulator.ActiveCfg = Release|x86
		{BF63E087-3590-466C-82F6-4234BDA6DDC1}.Release|iPhoneSimulator.Build.0 = Release|x86
		{BF63E087-3590-466C-82F6-4234BDA6DDC1}.Release|iPhoneSimulator.Deploy.0 = Release|x86
		{BF63E087-3590-466C-82F6-4234BDA6DDC1}.Release|x64.ActiveCfg = Release|x64
		{BF63E087-3590-466C-82F6-4234BDA6DDC1}.Release|x64.Build.0 = Release|x64
		{BF63E087-3590-466C-82F6-4234BDA6DDC1}.Release|x64.Deploy.0 = Release|x64
		{BF63E087-3590-466C-82F6-4234BDA6DDC1}.Release|x86.ActiveCfg = Release|x86
		{BF63E087-3590-466C-82F6-4234BDA6DDC1}.Release|x86.Build.0 = Release|x86
		{BF63E087-3590-466C-82F6-4234BDA6DDC1}.Release|x86.Deploy.0 = Release|x86
		{41A2F3FA-3759-4CA7-88CE-8EA9215A4F2A}.Debug|Any CPU.ActiveCfg = Debug|Any CPU
		{41A2F3FA-3759-4CA7-88CE-8EA9215A4F2A}.Debug|Any CPU.Build.0 = Debug|Any CPU
		{41A2F3FA-3759-4CA7-88CE-8EA9215A4F2A}.Debug|Any CPU.Deploy.0 = Debug|Any CPU
		{41A2F3FA-3759-4CA7-88CE-8EA9215A4F2A}.Debug|ARM.ActiveCfg = Debug|Any CPU
		{41A2F3FA-3759-4CA7-88CE-8EA9215A4F2A}.Debug|ARM.Build.0 = Debug|Any CPU
		{41A2F3FA-3759-4CA7-88CE-8EA9215A4F2A}.Debug|ARM.Deploy.0 = Debug|Any CPU
		{41A2F3FA-3759-4CA7-88CE-8EA9215A4F2A}.Debug|iPhone.ActiveCfg = Debug|Any CPU
		{41A2F3FA-3759-4CA7-88CE-8EA9215A4F2A}.Debug|iPhone.Build.0 = Debug|Any CPU
		{41A2F3FA-3759-4CA7-88CE-8EA9215A4F2A}.Debug|iPhone.Deploy.0 = Debug|Any CPU
		{41A2F3FA-3759-4CA7-88CE-8EA9215A4F2A}.Debug|iPhoneSimulator.ActiveCfg = Debug|Any CPU
		{41A2F3FA-3759-4CA7-88CE-8EA9215A4F2A}.Debug|iPhoneSimulator.Build.0 = Debug|Any CPU
		{41A2F3FA-3759-4CA7-88CE-8EA9215A4F2A}.Debug|iPhoneSimulator.Deploy.0 = Debug|Any CPU
		{41A2F3FA-3759-4CA7-88CE-8EA9215A4F2A}.Debug|x64.ActiveCfg = Debug|Any CPU
		{41A2F3FA-3759-4CA7-88CE-8EA9215A4F2A}.Debug|x64.Build.0 = Debug|Any CPU
		{41A2F3FA-3759-4CA7-88CE-8EA9215A4F2A}.Debug|x64.Deploy.0 = Debug|Any CPU
		{41A2F3FA-3759-4CA7-88CE-8EA9215A4F2A}.Debug|x86.ActiveCfg = Debug|Any CPU
		{41A2F3FA-3759-4CA7-88CE-8EA9215A4F2A}.Debug|x86.Build.0 = Debug|Any CPU
		{41A2F3FA-3759-4CA7-88CE-8EA9215A4F2A}.Debug|x86.Deploy.0 = Debug|Any CPU
		{41A2F3FA-3759-4CA7-88CE-8EA9215A4F2A}.Release|Any CPU.ActiveCfg = Release|Any CPU
		{41A2F3FA-3759-4CA7-88CE-8EA9215A4F2A}.Release|Any CPU.Build.0 = Release|Any CPU
		{41A2F3FA-3759-4CA7-88CE-8EA9215A4F2A}.Release|Any CPU.Deploy.0 = Release|Any CPU
		{41A2F3FA-3759-4CA7-88CE-8EA9215A4F2A}.Release|ARM.ActiveCfg = Release|Any CPU
		{41A2F3FA-3759-4CA7-88CE-8EA9215A4F2A}.Release|ARM.Build.0 = Release|Any CPU
		{41A2F3FA-3759-4CA7-88CE-8EA9215A4F2A}.Release|ARM.Deploy.0 = Release|Any CPU
		{41A2F3FA-3759-4CA7-88CE-8EA9215A4F2A}.Release|iPhone.ActiveCfg = Release|Any CPU
		{41A2F3FA-3759-4CA7-88CE-8EA9215A4F2A}.Release|iPhone.Build.0 = Release|Any CPU
		{41A2F3FA-3759-4CA7-88CE-8EA9215A4F2A}.Release|iPhone.Deploy.0 = Release|Any CPU
		{41A2F3FA-3759-4CA7-88CE-8EA9215A4F2A}.Release|iPhoneSimulator.ActiveCfg = Release|Any CPU
		{41A2F3FA-3759-4CA7-88CE-8EA9215A4F2A}.Release|iPhoneSimulator.Build.0 = Release|Any CPU
		{41A2F3FA-3759-4CA7-88CE-8EA9215A4F2A}.Release|iPhoneSimulator.Deploy.0 = Release|Any CPU
		{41A2F3FA-3759-4CA7-88CE-8EA9215A4F2A}.Release|x64.ActiveCfg = Release|Any CPU
		{41A2F3FA-3759-4CA7-88CE-8EA9215A4F2A}.Release|x64.Build.0 = Release|Any CPU
		{41A2F3FA-3759-4CA7-88CE-8EA9215A4F2A}.Release|x64.Deploy.0 = Release|Any CPU
		{41A2F3FA-3759-4CA7-88CE-8EA9215A4F2A}.Release|x86.ActiveCfg = Release|Any CPU
		{41A2F3FA-3759-4CA7-88CE-8EA9215A4F2A}.Release|x86.Build.0 = Release|Any CPU
		{41A2F3FA-3759-4CA7-88CE-8EA9215A4F2A}.Release|x86.Deploy.0 = Release|Any CPU
		{9EAA767F-FD26-4C5C-9167-4941E573CA64}.Debug|Any CPU.ActiveCfg = Debug|iPhone
		{9EAA767F-FD26-4C5C-9167-4941E573CA64}.Debug|Any CPU.Build.0 = Debug|iPhone
		{9EAA767F-FD26-4C5C-9167-4941E573CA64}.Debug|Any CPU.Deploy.0 = Debug|iPhone
		{9EAA767F-FD26-4C5C-9167-4941E573CA64}.Debug|ARM.ActiveCfg = Debug|iPhone
		{9EAA767F-FD26-4C5C-9167-4941E573CA64}.Debug|ARM.Build.0 = Debug|iPhone
		{9EAA767F-FD26-4C5C-9167-4941E573CA64}.Debug|ARM.Deploy.0 = Debug|iPhone
		{9EAA767F-FD26-4C5C-9167-4941E573CA64}.Debug|iPhone.ActiveCfg = Debug|iPhone
		{9EAA767F-FD26-4C5C-9167-4941E573CA64}.Debug|iPhone.Build.0 = Debug|iPhone
		{9EAA767F-FD26-4C5C-9167-4941E573CA64}.Debug|iPhone.Deploy.0 = Debug|iPhone
		{9EAA767F-FD26-4C5C-9167-4941E573CA64}.Debug|iPhoneSimulator.ActiveCfg = Debug|iPhoneSimulator
		{9EAA767F-FD26-4C5C-9167-4941E573CA64}.Debug|iPhoneSimulator.Build.0 = Debug|iPhoneSimulator
		{9EAA767F-FD26-4C5C-9167-4941E573CA64}.Debug|iPhoneSimulator.Deploy.0 = Debug|iPhoneSimulator
		{9EAA767F-FD26-4C5C-9167-4941E573CA64}.Debug|x64.ActiveCfg = Debug|iPhone
		{9EAA767F-FD26-4C5C-9167-4941E573CA64}.Debug|x64.Build.0 = Debug|iPhone
		{9EAA767F-FD26-4C5C-9167-4941E573CA64}.Debug|x64.Deploy.0 = Debug|iPhone
		{9EAA767F-FD26-4C5C-9167-4941E573CA64}.Debug|x86.ActiveCfg = Debug|iPhone
		{9EAA767F-FD26-4C5C-9167-4941E573CA64}.Debug|x86.Build.0 = Debug|iPhone
		{9EAA767F-FD26-4C5C-9167-4941E573CA64}.Debug|x86.Deploy.0 = Debug|iPhone
		{9EAA767F-FD26-4C5C-9167-4941E573CA64}.Release|Any CPU.ActiveCfg = Release|iPhone
		{9EAA767F-FD26-4C5C-9167-4941E573CA64}.Release|Any CPU.Build.0 = Release|iPhone
		{9EAA767F-FD26-4C5C-9167-4941E573CA64}.Release|Any CPU.Deploy.0 = Release|iPhone
		{9EAA767F-FD26-4C5C-9167-4941E573CA64}.Release|ARM.ActiveCfg = Release|iPhone
		{9EAA767F-FD26-4C5C-9167-4941E573CA64}.Release|ARM.Build.0 = Release|iPhone
		{9EAA767F-FD26-4C5C-9167-4941E573CA64}.Release|ARM.Deploy.0 = Release|iPhone
		{9EAA767F-FD26-4C5C-9167-4941E573CA64}.Release|iPhone.ActiveCfg = Release|iPhone
		{9EAA767F-FD26-4C5C-9167-4941E573CA64}.Release|iPhone.Build.0 = Release|iPhone
		{9EAA767F-FD26-4C5C-9167-4941E573CA64}.Release|iPhone.Deploy.0 = Release|iPhone
		{9EAA767F-FD26-4C5C-9167-4941E573CA64}.Release|iPhoneSimulator.ActiveCfg = Release|iPhoneSimulator
		{9EAA767F-FD26-4C5C-9167-4941E573CA64}.Release|iPhoneSimulator.Build.0 = Release|iPhoneSimulator
		{9EAA767F-FD26-4C5C-9167-4941E573CA64}.Release|iPhoneSimulator.Deploy.0 = Release|iPhoneSimulator
		{9EAA767F-FD26-4C5C-9167-4941E573CA64}.Release|x64.ActiveCfg = Release|iPhone
		{9EAA767F-FD26-4C5C-9167-4941E573CA64}.Release|x64.Build.0 = Release|iPhone
		{9EAA767F-FD26-4C5C-9167-4941E573CA64}.Release|x64.Deploy.0 = Release|iPhone
		{9EAA767F-FD26-4C5C-9167-4941E573CA64}.Release|x86.ActiveCfg = Release|iPhone
		{9EAA767F-FD26-4C5C-9167-4941E573CA64}.Release|x86.Build.0 = Release|iPhone
		{9EAA767F-FD26-4C5C-9167-4941E573CA64}.Release|x86.Deploy.0 = Release|iPhone
		{3999E392-E520-487F-A6AA-2FEBDA33CA22}.Debug|Any CPU.ActiveCfg = Debug|Any CPU
		{3999E392-E520-487F-A6AA-2FEBDA33CA22}.Debug|Any CPU.Build.0 = Debug|Any CPU
		{3999E392-E520-487F-A6AA-2FEBDA33CA22}.Debug|Any CPU.Deploy.0 = Debug|Any CPU
		{3999E392-E520-487F-A6AA-2FEBDA33CA22}.Debug|ARM.ActiveCfg = Debug|Any CPU
		{3999E392-E520-487F-A6AA-2FEBDA33CA22}.Debug|ARM.Build.0 = Debug|Any CPU
		{3999E392-E520-487F-A6AA-2FEBDA33CA22}.Debug|ARM.Deploy.0 = Debug|Any CPU
		{3999E392-E520-487F-A6AA-2FEBDA33CA22}.Debug|iPhone.ActiveCfg = Debug|Any CPU
		{3999E392-E520-487F-A6AA-2FEBDA33CA22}.Debug|iPhone.Build.0 = Debug|Any CPU
		{3999E392-E520-487F-A6AA-2FEBDA33CA22}.Debug|iPhone.Deploy.0 = Debug|Any CPU
		{3999E392-E520-487F-A6AA-2FEBDA33CA22}.Debug|iPhoneSimulator.ActiveCfg = Debug|Any CPU
		{3999E392-E520-487F-A6AA-2FEBDA33CA22}.Debug|iPhoneSimulator.Build.0 = Debug|Any CPU
		{3999E392-E520-487F-A6AA-2FEBDA33CA22}.Debug|iPhoneSimulator.Deploy.0 = Debug|Any CPU
		{3999E392-E520-487F-A6AA-2FEBDA33CA22}.Debug|x64.ActiveCfg = Debug|Any CPU
		{3999E392-E520-487F-A6AA-2FEBDA33CA22}.Debug|x64.Build.0 = Debug|Any CPU
		{3999E392-E520-487F-A6AA-2FEBDA33CA22}.Debug|x64.Deploy.0 = Debug|Any CPU
		{3999E392-E520-487F-A6AA-2FEBDA33CA22}.Debug|x86.ActiveCfg = Debug|Any CPU
		{3999E392-E520-487F-A6AA-2FEBDA33CA22}.Debug|x86.Build.0 = Debug|Any CPU
		{3999E392-E520-487F-A6AA-2FEBDA33CA22}.Debug|x86.Deploy.0 = Debug|Any CPU
		{3999E392-E520-487F-A6AA-2FEBDA33CA22}.Release|Any CPU.ActiveCfg = Release|Any CPU
		{3999E392-E520-487F-A6AA-2FEBDA33CA22}.Release|Any CPU.Build.0 = Release|Any CPU
		{3999E392-E520-487F-A6AA-2FEBDA33CA22}.Release|Any CPU.Deploy.0 = Release|Any CPU
		{3999E392-E520-487F-A6AA-2FEBDA33CA22}.Release|ARM.ActiveCfg = Release|Any CPU
		{3999E392-E520-487F-A6AA-2FEBDA33CA22}.Release|ARM.Build.0 = Release|Any CPU
		{3999E392-E520-487F-A6AA-2FEBDA33CA22}.Release|ARM.Deploy.0 = Release|Any CPU
		{3999E392-E520-487F-A6AA-2FEBDA33CA22}.Release|iPhone.ActiveCfg = Release|Any CPU
		{3999E392-E520-487F-A6AA-2FEBDA33CA22}.Release|iPhone.Build.0 = Release|Any CPU
		{3999E392-E520-487F-A6AA-2FEBDA33CA22}.Release|iPhone.Deploy.0 = Release|Any CPU
		{3999E392-E520-487F-A6AA-2FEBDA33CA22}.Release|iPhoneSimulator.ActiveCfg = Release|Any CPU
		{3999E392-E520-487F-A6AA-2FEBDA33CA22}.Release|iPhoneSimulator.Build.0 = Release|Any CPU
		{3999E392-E520-487F-A6AA-2FEBDA33CA22}.Release|iPhoneSimulator.Deploy.0 = Release|Any CPU
		{3999E392-E520-487F-A6AA-2FEBDA33CA22}.Release|x64.ActiveCfg = Release|Any CPU
		{3999E392-E520-487F-A6AA-2FEBDA33CA22}.Release|x64.Build.0 = Release|Any CPU
		{3999E392-E520-487F-A6AA-2FEBDA33CA22}.Release|x64.Deploy.0 = Release|Any CPU
		{3999E392-E520-487F-A6AA-2FEBDA33CA22}.Release|x86.ActiveCfg = Release|Any CPU
		{3999E392-E520-487F-A6AA-2FEBDA33CA22}.Release|x86.Build.0 = Release|Any CPU
		{3999E392-E520-487F-A6AA-2FEBDA33CA22}.Release|x86.Deploy.0 = Release|Any CPU
	EndGlobalSection
	GlobalSection(SolutionProperties) = preSolution
		HideSolutionNode = FALSE
	EndGlobalSection
	GlobalSection(ExtensibilityGlobals) = postSolution
		SolutionGuid = {553F57F4-665D-4621-99D2-20FC8D6E1DCC}
	EndGlobalSection
EndGlobal
